
Microsoft Visual Studio Solution File, Format Version 12.00
# Visual Studio 15
Project("{FAE04EC0-301F-11D3-BF4B-00C04F79EFBC}") = "Assembly-CSharp-firstpass", "Assembly-CSharp-firstpass.csproj", "{4E017267-2688-5627-0129-E5BA590F8889}"
EndProject
Project("{FAE04EC0-301F-11D3-BF4B-00C04F79EFBC}") = "Assembly-CSharp", "Assembly-CSharp.csproj", "{9B31DE35-89A9-C730-77AC-3B08A0E0D8E9}"
EndProject
Project("{FAE04EC0-301F-11D3-BF4B-00C04F79EFBC}") = "Assembly-CSharp-Editor-firstpass", "Assembly-CSharp-Editor-firstpass.csproj", "{329C2D00-8A2D-CD38-3C29-5943BEC0539A}"
EndProject
Global
	GlobalSection(SolutionConfigurationPlatforms) = preSolution
		Debug|Any CPU = Debug|Any CPU
		Release|Any CPU = Release|Any CPU
	EndGlobalSection
	GlobalSection(ProjectConfigurationPlatforms) = postSolution
		{4E017267-2688-5627-0129-E5BA590F8889}.Debug|Any CPU.ActiveCfg = Debug|Any CPU
		{4E017267-2688-5627-0129-E5BA590F8889}.Debug|Any CPU.Build.0 = Debug|Any CPU
		{4E017267-2688-5627-0129-E5BA590F8889}.Release|Any CPU.ActiveCfg = Release|Any CPU
		{4E017267-2688-5627-0129-E5BA590F8889}.Release|Any CPU.Build.0 = Release|Any CPU
		{9B31DE35-89A9-C730-77AC-3B08A0E0D8E9}.Debug|Any CPU.ActiveCfg = Debug|Any CPU
		{9B31DE35-89A9-C730-77AC-3B08A0E0D8E9}.Debug|Any CPU.Build.0 = Debug|Any CPU
		{9B31DE35-89A9-C730-77AC-3B08A0E0D8E9}.Release|Any CPU.ActiveCfg = Release|Any CPU
		{9B31DE35-89A9-C730-77AC-3B08A0E0D8E9}.Release|Any CPU.Build.0 = Release|Any CPU
		{329C2D00-8A2D-CD38-3C29-5943BEC0539A}.Debug|Any CPU.ActiveCfg = Debug|Any CPU
		{329C2D00-8A2D-CD38-3C29-5943BEC0539A}.Debug|Any CPU.Build.0 = Debug|Any CPU
		{329C2D00-8A2D-CD38-3C29-5943BEC0539A}.Release|Any CPU.ActiveCfg = Release|Any CPU
		{329C2D00-8A2D-CD38-3C29-5943BEC0539A}.Release|Any CPU.Build.0 = Release|Any CPU
	EndGlobalSection
	GlobalSection(SolutionProperties) = preSolution
		HideSolutionNode = FALSE
	EndGlobalSection
EndGlobal
